
Microsoft Visual Studio Solution File, Format Version 12.00
# Visual Studio Version 17
VisualStudioVersion = 17.5.002.0
MinimumVisualStudioVersion = 10.0.40219.1
Project("{9A19103F-16F7-4668-BE54-9A1E7A4F7556}") = "CliHelper", "CliHelper.csproj", "{3B29F17F-BE00-4FF9-9DBC-D31C6CF7EC21}"
EndProject
Global
	GlobalSection(SolutionConfigurationPlatforms) = preSolution
		Debug|Any CPU = Debug|Any CPU
		Release|Any CPU = Release|Any CPU
	EndGlobalSection
	GlobalSection(ProjectConfigurationPlatforms) = postSolution
		{3B29F17F-BE00-4FF9-9DBC-D31C6CF7EC21}.Debug|Any CPU.ActiveCfg = Debug|Any CPU
		{3B29F17F-BE00-4FF9-9DBC-D31C6CF7EC21}.Debug|Any CPU.Build.0 = Debug|Any CPU
		{3B29F17F-BE00-4FF9-9DBC-D31C6CF7EC21}.Release|Any CPU.ActiveCfg = Release|Any CPU
		{3B29F17F-BE00-4FF9-9DBC-D31C6CF7EC21}.Release|Any CPU.Build.0 = Release|Any CPU
	EndGlobalSection
	GlobalSection(SolutionProperties) = preSolution
		HideSolutionNode = FALSE
	EndGlobalSection
	GlobalSection(ExtensibilityGlobals) = postSolution
		SolutionGuid = {3293BE97-745A-4D5E-ABEA-9D659DF9C411}
	EndGlobalSection
EndGlobal
